
Microsoft Visual Studio Solution File, Format Version 12.00
# Visual Studio Version 16
VisualStudioVersion = 16.0.29409.12
MinimumVisualStudioVersion = 10.0.40219.1
Project("{FAE04EC0-301F-11D3-BF4B-00C04F79EFBC}") = "MasterMind", "MasterMind\MasterMind.csproj", "{61B7C604-EAED-43B5-8B0E-C5F0F40CF55A}"
EndProject
Project("{FAE04EC0-301F-11D3-BF4B-00C04F79EFBC}") = "MasterMind.UnitTests", "MasterMind.UnitTests\MasterMind.UnitTests.csproj", "{CA04D6BD-CC8B-41C0-BBBA-9D1C7F9BA818}"
EndProject
Global
	GlobalSection(SolutionConfigurationPlatforms) = preSolution
		Debug|Any CPU = Debug|Any CPU
		Release|Any CPU = Release|Any CPU
	EndGlobalSection
	GlobalSection(ProjectConfigurationPlatforms) = postSolution
		{61B7C604-EAED-43B5-8B0E-C5F0F40CF55A}.Debug|Any CPU.ActiveCfg = Debug|Any CPU
		{61B7C604-EAED-43B5-8B0E-C5F0F40CF55A}.Debug|Any CPU.Build.0 = Debug|Any CPU
		{61B7C604-EAED-43B5-8B0E-C5F0F40CF55A}.Release|Any CPU.ActiveCfg = Release|Any CPU
		{61B7C604-EAED-43B5-8B0E-C5F0F40CF55A}.Release|Any CPU.Build.0 = Release|Any CPU
		{CA04D6BD-CC8B-41C0-BBBA-9D1C7F9BA818}.Debug|Any CPU.ActiveCfg = Debug|Any CPU
		{CA04D6BD-CC8B-41C0-BBBA-9D1C7F9BA818}.Debug|Any CPU.Build.0 = Debug|Any CPU
		{CA04D6BD-CC8B-41C0-BBBA-9D1C7F9BA818}.Release|Any CPU.ActiveCfg = Release|Any CPU
		{CA04D6BD-CC8B-41C0-BBBA-9D1C7F9BA818}.Release|Any CPU.Build.0 = Release|Any CPU
	EndGlobalSection
	GlobalSection(SolutionProperties) = preSolution
		HideSolutionNode = FALSE
	EndGlobalSection
	GlobalSection(ExtensibilityGlobals) = postSolution
		SolutionGuid = {5BE7E9D2-C210-4E2D-9711-ED2A3D77791B}
	EndGlobalSection
EndGlobal
